
Microsoft Visual Studio Solution File, Format Version 12.00
# Visual Studio Version 17
VisualStudioVersion = 17.13.35919.96 d17.13
MinimumVisualStudioVersion = 10.0.40219.1
Project("{FAE04EC0-301F-11D3-BF4B-00C04F79EFBC}") = "Foody_App", "Foody_App\Foody_App.csproj", "{5B364E2C-9371-41F8-A3F0-D49E61302232}"
EndProject
Global
	GlobalSection(SolutionConfigurationPlatforms) = preSolution
		Debug|Any CPU = Debug|Any CPU
		Release|Any CPU = Release|Any CPU
	EndGlobalSection
	GlobalSection(ProjectConfigurationPlatforms) = postSolution
		{5B364E2C-9371-41F8-A3F0-D49E61302232}.Debug|Any CPU.ActiveCfg = Debug|Any CPU
		{5B364E2C-9371-41F8-A3F0-D49E61302232}.Debug|Any CPU.Build.0 = Debug|Any CPU
		{5B364E2C-9371-41F8-A3F0-D49E61302232}.Release|Any CPU.ActiveCfg = Release|Any CPU
		{5B364E2C-9371-41F8-A3F0-D49E61302232}.Release|Any CPU.Build.0 = Release|Any CPU
	EndGlobalSection
	GlobalSection(SolutionProperties) = preSolution
		HideSolutionNode = FALSE
	EndGlobalSection
	GlobalSection(ExtensibilityGlobals) = postSolution
		SolutionGuid = {4EBEF720-C4D5-4742-8BE2-A4D8DF2C915C}
	EndGlobalSection
EndGlobal
